// !$*UTF8*$!
{
	archiveVersion = 1;
	classes = {
	};
	objectVersion = 56;
	objects = {

/* Begin PBXBuildFile section */
		380FC1DE2A67B926004F16CB /* MRTJApp.swift in Sources */ = {isa = PBXBuildFile; fileRef = 380FC1DD2A67B926004F16CB /* MRTJApp.swift */; };
		380FC1E02A67B926004F16CB /* ContentView.swift in Sources */ = {isa = PBXBuildFile; fileRef = 380FC1DF2A67B926004F16CB /* ContentView.swift */; };
		380FC1E52A67B927004F16CB /* Preview Assets.xcassets in Resources */ = {isa = PBXBuildFile; fileRef = 380FC1E42A67B927004F16CB /* Preview Assets.xcassets */; };
		380FC1E72A67B927004F16CB /* Persistence.swift in Sources */ = {isa = PBXBuildFile; fileRef = 380FC1E62A67B927004F16CB /* Persistence.swift */; };
		380FC1EA2A67B927004F16CB /* MRTJ.xcdatamodeld in Sources */ = {isa = PBXBuildFile; fileRef = 380FC1E82A67B927004F16CB /* MRTJ.xcdatamodeld */; };
		380FC1F42A67BB89004F16CB /* FirebaseAnalytics in Frameworks */ = {isa = PBXBuildFile; productRef = 380FC1F32A67BB89004F16CB /* FirebaseAnalytics */; };
		380FC1F62A67BB89004F16CB /* FirebaseDatabase in Frameworks */ = {isa = PBXBuildFile; productRef = 380FC1F52A67BB89004F16CB /* FirebaseDatabase */; };
		380FC1F82A67BB89004F16CB /* FirebaseDatabaseSwift in Frameworks */ = {isa = PBXBuildFile; productRef = 380FC1F72A67BB89004F16CB /* FirebaseDatabaseSwift */; };
		380FC1FA2A67BB89004F16CB /* FirebaseMessaging in Frameworks */ = {isa = PBXBuildFile; productRef = 380FC1F92A67BB89004F16CB /* FirebaseMessaging */; };
		380FC1FC2A67BB89004F16CB /* FirebaseStorage in Frameworks */ = {isa = PBXBuildFile; productRef = 380FC1FB2A67BB89004F16CB /* FirebaseStorage */; };
		38537C4B2A6C1FDD00F498BB /* GoogleService-Info.plist in Resources */ = {isa = PBXBuildFile; fileRef = 38537C4A2A6C1FDC00F498BB /* GoogleService-Info.plist */; };
		38537C4F2A6C241800F498BB /* iconDescView.swift in Sources */ = {isa = PBXBuildFile; fileRef = 38537C4D2A6C241800F498BB /* iconDescView.swift */; };
		38537C502A6C241800F498BB /* ButtonView.swift in Sources */ = {isa = PBXBuildFile; fileRef = 38537C4E2A6C241800F498BB /* ButtonView.swift */; };
		38537C532A6C244500F498BB /* stationDetailSheet.swift in Sources */ = {isa = PBXBuildFile; fileRef = 38537C512A6C244500F498BB /* stationDetailSheet.swift */; };
		38537C542A6C244500F498BB /* PromoEventView.swift in Sources */ = {isa = PBXBuildFile; fileRef = 38537C522A6C244500F498BB /* PromoEventView.swift */; };
		38B5401F2A6C2B8E0019AACF /* problemDetailSheet.swift in Sources */ = {isa = PBXBuildFile; fileRef = 38B5401E2A6C2B8E0019AACF /* problemDetailSheet.swift */; };
		B11DAAB42A6A3562005332C8 /* Event.swift in Sources */ = {isa = PBXBuildFile; fileRef = B11DAAB32A6A3562005332C8 /* Event.swift */; };
		B11DAAB62A6A356D005332C8 /* Station.swift in Sources */ = {isa = PBXBuildFile; fileRef = B11DAAB52A6A356D005332C8 /* Station.swift */; };
		B11DAAB92A6A3FA4005332C8 /* FirebaseFirestore in Frameworks */ = {isa = PBXBuildFile; productRef = B11DAAB82A6A3FA4005332C8 /* FirebaseFirestore */; };
		B11DAABB2A6A3FBF005332C8 /* FirebaseFirestoreCombine-Community in Frameworks */ = {isa = PBXBuildFile; productRef = B11DAABA2A6A3FBF005332C8 /* FirebaseFirestoreCombine-Community */; };
		B11DAABD2A6A3FBF005332C8 /* FirebaseFirestoreSwift in Frameworks */ = {isa = PBXBuildFile; productRef = B11DAABC2A6A3FBF005332C8 /* FirebaseFirestoreSwift */; };
		B11DAABF2A6A3FCF005332C8 /* FirebaseAnalyticsOnDeviceConversion in Frameworks */ = {isa = PBXBuildFile; productRef = B11DAABE2A6A3FCF005332C8 /* FirebaseAnalyticsOnDeviceConversion */; };
		B11DAAC12A6A3FCF005332C8 /* FirebaseAnalyticsSwift in Frameworks */ = {isa = PBXBuildFile; productRef = B11DAAC02A6A3FCF005332C8 /* FirebaseAnalyticsSwift */; };
		B11DAAC32A6A3FCF005332C8 /* FirebaseAnalyticsWithoutAdIdSupport in Frameworks */ = {isa = PBXBuildFile; productRef = B11DAAC22A6A3FCF005332C8 /* FirebaseAnalyticsWithoutAdIdSupport */; };
		B11DAAC52A6A3FCF005332C8 /* FirebaseAppCheck in Frameworks */ = {isa = PBXBuildFile; productRef = B11DAAC42A6A3FCF005332C8 /* FirebaseAppCheck */; };
		B11DAAC72A6A3FCF005332C8 /* FirebaseAppDistribution-Beta in Frameworks */ = {isa = PBXBuildFile; productRef = B11DAAC62A6A3FCF005332C8 /* FirebaseAppDistribution-Beta */; };
		B11DAAC92A6A3FCF005332C8 /* FirebaseAuth in Frameworks */ = {isa = PBXBuildFile; productRef = B11DAAC82A6A3FCF005332C8 /* FirebaseAuth */; };
		B11DAACB2A6A3FCF005332C8 /* FirebaseAuthCombine-Community in Frameworks */ = {isa = PBXBuildFile; productRef = B11DAACA2A6A3FCF005332C8 /* FirebaseAuthCombine-Community */; };
		B11DAACD2A6A3FCF005332C8 /* FirebaseCrashlytics in Frameworks */ = {isa = PBXBuildFile; productRef = B11DAACC2A6A3FCF005332C8 /* FirebaseCrashlytics */; };
		B11DAACF2A6A3FCF005332C8 /* FirebaseDynamicLinks in Frameworks */ = {isa = PBXBuildFile; productRef = B11DAACE2A6A3FCF005332C8 /* FirebaseDynamicLinks */; };
		B11DAAD12A6A3FCF005332C8 /* FirebaseFunctions in Frameworks */ = {isa = PBXBuildFile; productRef = B11DAAD02A6A3FCF005332C8 /* FirebaseFunctions */; };
		B11DAAD32A6A3FCF005332C8 /* FirebaseFunctionsCombine-Community in Frameworks */ = {isa = PBXBuildFile; productRef = B11DAAD22A6A3FCF005332C8 /* FirebaseFunctionsCombine-Community */; };
		B11DAAD52A6A3FCF005332C8 /* FirebaseInAppMessaging-Beta in Frameworks */ = {isa = PBXBuildFile; productRef = B11DAAD42A6A3FCF005332C8 /* FirebaseInAppMessaging-Beta */; };
		B11DAAD72A6A3FCF005332C8 /* FirebaseInAppMessagingSwift-Beta in Frameworks */ = {isa = PBXBuildFile; productRef = B11DAAD62A6A3FCF005332C8 /* FirebaseInAppMessagingSwift-Beta */; };
		B11DAAD92A6A3FCF005332C8 /* FirebaseInstallations in Frameworks */ = {isa = PBXBuildFile; productRef = B11DAAD82A6A3FCF005332C8 /* FirebaseInstallations */; };
		B11DAADB2A6A3FCF005332C8 /* FirebaseMLModelDownloader in Frameworks */ = {isa = PBXBuildFile; productRef = B11DAADA2A6A3FCF005332C8 /* FirebaseMLModelDownloader */; };
		B11DAADD2A6A3FCF005332C8 /* FirebasePerformance in Frameworks */ = {isa = PBXBuildFile; productRef = B11DAADC2A6A3FCF005332C8 /* FirebasePerformance */; };
		B11DAADF2A6A3FCF005332C8 /* FirebaseRemoteConfig in Frameworks */ = {isa = PBXBuildFile; productRef = B11DAADE2A6A3FCF005332C8 /* FirebaseRemoteConfig */; };
		B11DAAE12A6A3FCF005332C8 /* FirebaseRemoteConfigSwift in Frameworks */ = {isa = PBXBuildFile; productRef = B11DAAE02A6A3FCF005332C8 /* FirebaseRemoteConfigSwift */; };
		B11DAAE32A6A3FD0005332C8 /* FirebaseStorageCombine-Community in Frameworks */ = {isa = PBXBuildFile; productRef = B11DAAE22A6A3FD0005332C8 /* FirebaseStorageCombine-Community */; };
		B11DAAE52A6C057F005332C8 /* ScheduleListView.swift in Sources */ = {isa = PBXBuildFile; fileRef = B11DAAE42A6C057F005332C8 /* ScheduleListView.swift */; };
		F683BCA12A6A2C6800CC71A0 /* Assets.xcassets in Resources */ = {isa = PBXBuildFile; fileRef = F683BC9E2A6A2C6800CC71A0 /* Assets.xcassets */; };
		F683BCA22A6A2C6800CC71A0 /* pulse-animation.json in Resources */ = {isa = PBXBuildFile; fileRef = F683BC9F2A6A2C6800CC71A0 /* pulse-animation.json */; };
		F683BCA32A6A2C6800CC71A0 /* AssetName.swift in Sources */ = {isa = PBXBuildFile; fileRef = F683BCA02A6A2C6800CC71A0 /* AssetName.swift */; };
		F683BCAB2A6A2C7400CC71A0 /* StationInformationViewModel.swift in Sources */ = {isa = PBXBuildFile; fileRef = F683BCA62A6A2C7400CC71A0 /* StationInformationViewModel.swift */; };
		F683BCAC2A6A2C7400CC71A0 /* lottieAnimation.swift in Sources */ = {isa = PBXBuildFile; fileRef = F683BCA82A6A2C7400CC71A0 /* lottieAnimation.swift */; };
		F683BCAD2A6A2C7400CC71A0 /* StationInformationView.swift in Sources */ = {isa = PBXBuildFile; fileRef = F683BCAA2A6A2C7400CC71A0 /* StationInformationView.swift */; };
		F683BCB12A6A2E9D00CC71A0 /* Lottie in Frameworks */ = {isa = PBXBuildFile; productRef = F683BCB02A6A2E9D00CC71A0 /* Lottie */; };
/* End PBXBuildFile section */

/* Begin PBXFileReference section */
		380FC1DA2A67B926004F16CB /* MRTJ.app */ = {isa = PBXFileReference; explicitFileType = wrapper.application; includeInIndex = 0; path = MRTJ.app; sourceTree = BUILT_PRODUCTS_DIR; };
		380FC1DD2A67B926004F16CB /* MRTJApp.swift */ = {isa = PBXFileReference; lastKnownFileType = sourcecode.swift; path = MRTJApp.swift; sourceTree = "<group>"; };
		380FC1DF2A67B926004F16CB /* ContentView.swift */ = {isa = PBXFileReference; lastKnownFileType = sourcecode.swift; path = ContentView.swift; sourceTree = "<group>"; };
		380FC1E42A67B927004F16CB /* Preview Assets.xcassets */ = {isa = PBXFileReference; lastKnownFileType = folder.assetcatalog; path = "Preview Assets.xcassets"; sourceTree = "<group>"; };
		380FC1E62A67B927004F16CB /* Persistence.swift */ = {isa = PBXFileReference; lastKnownFileType = sourcecode.swift; path = Persistence.swift; sourceTree = "<group>"; };
		380FC1E92A67B927004F16CB /* MRTJ.xcdatamodel */ = {isa = PBXFileReference; lastKnownFileType = wrapper.xcdatamodel; path = MRTJ.xcdatamodel; sourceTree = "<group>"; };
		380FC1F12A67B963004F16CB /* Info.plist */ = {isa = PBXFileReference; lastKnownFileType = text.plist; path = Info.plist; sourceTree = "<group>"; };
		380FC1FF2A68DE64004F16CB /* MRTJ.entitlements */ = {isa = PBXFileReference; lastKnownFileType = text.plist.entitlements; path = MRTJ.entitlements; sourceTree = "<group>"; };
		38537C4A2A6C1FDC00F498BB /* GoogleService-Info.plist */ = {isa = PBXFileReference; fileEncoding = 4; lastKnownFileType = text.plist.xml; path = "GoogleService-Info.plist"; sourceTree = "<group>"; };
		38537C4D2A6C241800F498BB /* iconDescView.swift */ = {isa = PBXFileReference; fileEncoding = 4; lastKnownFileType = sourcecode.swift; path = iconDescView.swift; sourceTree = "<group>"; };
		38537C4E2A6C241800F498BB /* ButtonView.swift */ = {isa = PBXFileReference; fileEncoding = 4; lastKnownFileType = sourcecode.swift; path = ButtonView.swift; sourceTree = "<group>"; };
		38537C512A6C244500F498BB /* stationDetailSheet.swift */ = {isa = PBXFileReference; fileEncoding = 4; lastKnownFileType = sourcecode.swift; path = stationDetailSheet.swift; sourceTree = "<group>"; };
		38537C522A6C244500F498BB /* PromoEventView.swift */ = {isa = PBXFileReference; fileEncoding = 4; lastKnownFileType = sourcecode.swift; path = PromoEventView.swift; sourceTree = "<group>"; };
		38B5401E2A6C2B8E0019AACF /* problemDetailSheet.swift */ = {isa = PBXFileReference; lastKnownFileType = sourcecode.swift; path = problemDetailSheet.swift; sourceTree = "<group>"; };
		B11DAAB32A6A3562005332C8 /* Event.swift */ = {isa = PBXFileReference; lastKnownFileType = sourcecode.swift; path = Event.swift; sourceTree = "<group>"; };
		B11DAAB52A6A356D005332C8 /* Station.swift */ = {isa = PBXFileReference; lastKnownFileType = sourcecode.swift; path = Station.swift; sourceTree = "<group>"; };
		B11DAAE42A6C057F005332C8 /* ScheduleListView.swift */ = {isa = PBXFileReference; lastKnownFileType = sourcecode.swift; path = ScheduleListView.swift; sourceTree = "<group>"; };
		F683BC9E2A6A2C6800CC71A0 /* Assets.xcassets */ = {isa = PBXFileReference; lastKnownFileType = folder.assetcatalog; path = Assets.xcassets; sourceTree = "<group>"; };
		F683BC9F2A6A2C6800CC71A0 /* pulse-animation.json */ = {isa = PBXFileReference; fileEncoding = 4; lastKnownFileType = text.json; path = "pulse-animation.json"; sourceTree = "<group>"; };
		F683BCA02A6A2C6800CC71A0 /* AssetName.swift */ = {isa = PBXFileReference; fileEncoding = 4; lastKnownFileType = sourcecode.swift; path = AssetName.swift; sourceTree = "<group>"; };
		F683BCA62A6A2C7400CC71A0 /* StationInformationViewModel.swift */ = {isa = PBXFileReference; fileEncoding = 4; lastKnownFileType = sourcecode.swift; path = StationInformationViewModel.swift; sourceTree = "<group>"; };
		F683BCA82A6A2C7400CC71A0 /* lottieAnimation.swift */ = {isa = PBXFileReference; fileEncoding = 4; lastKnownFileType = sourcecode.swift; path = lottieAnimation.swift; sourceTree = "<group>"; };
		F683BCAA2A6A2C7400CC71A0 /* StationInformationView.swift */ = {isa = PBXFileReference; fileEncoding = 4; lastKnownFileType = sourcecode.swift; path = StationInformationView.swift; sourceTree = "<group>"; };
/* End PBXFileReference section */

/* Begin PBXFrameworksBuildPhase section */
		380FC1D72A67B926004F16CB /* Frameworks */ = {
			isa = PBXFrameworksBuildPhase;
			buildActionMask = 2147483647;
			files = (
				B11DAAD72A6A3FCF005332C8 /* FirebaseInAppMessagingSwift-Beta in Frameworks */,
				380FC1FA2A67BB89004F16CB /* FirebaseMessaging in Frameworks */,
				B11DAAC92A6A3FCF005332C8 /* FirebaseAuth in Frameworks */,
				B11DAADB2A6A3FCF005332C8 /* FirebaseMLModelDownloader in Frameworks */,
				B11DAAC52A6A3FCF005332C8 /* FirebaseAppCheck in Frameworks */,
				B11DAAD32A6A3FCF005332C8 /* FirebaseFunctionsCombine-Community in Frameworks */,
				B11DAAD92A6A3FCF005332C8 /* FirebaseInstallations in Frameworks */,
				B11DAABB2A6A3FBF005332C8 /* FirebaseFirestoreCombine-Community in Frameworks */,
				380FC1F82A67BB89004F16CB /* FirebaseDatabaseSwift in Frameworks */,
				B11DAACF2A6A3FCF005332C8 /* FirebaseDynamicLinks in Frameworks */,
				B11DAAC12A6A3FCF005332C8 /* FirebaseAnalyticsSwift in Frameworks */,
				B11DAAD52A6A3FCF005332C8 /* FirebaseInAppMessaging-Beta in Frameworks */,
				380FC1F62A67BB89004F16CB /* FirebaseDatabase in Frameworks */,
				380FC1FC2A67BB89004F16CB /* FirebaseStorage in Frameworks */,
				B11DAAC72A6A3FCF005332C8 /* FirebaseAppDistribution-Beta in Frameworks */,
				B11DAAD12A6A3FCF005332C8 /* FirebaseFunctions in Frameworks */,
				380FC1F42A67BB89004F16CB /* FirebaseAnalytics in Frameworks */,
				B11DAADD2A6A3FCF005332C8 /* FirebasePerformance in Frameworks */,
				B11DAAC32A6A3FCF005332C8 /* FirebaseAnalyticsWithoutAdIdSupport in Frameworks */,
				F683BCB12A6A2E9D00CC71A0 /* Lottie in Frameworks */,
				B11DAABF2A6A3FCF005332C8 /* FirebaseAnalyticsOnDeviceConversion in Frameworks */,
				B11DAAE12A6A3FCF005332C8 /* FirebaseRemoteConfigSwift in Frameworks */,
				B11DAAE32A6A3FD0005332C8 /* FirebaseStorageCombine-Community in Frameworks */,
				B11DAACD2A6A3FCF005332C8 /* FirebaseCrashlytics in Frameworks */,
				B11DAAB92A6A3FA4005332C8 /* FirebaseFirestore in Frameworks */,
				B11DAADF2A6A3FCF005332C8 /* FirebaseRemoteConfig in Frameworks */,
				B11DAABD2A6A3FBF005332C8 /* FirebaseFirestoreSwift in Frameworks */,
				B11DAACB2A6A3FCF005332C8 /* FirebaseAuthCombine-Community in Frameworks */,
			);
			runOnlyForDeploymentPostprocessing = 0;
		};
/* End PBXFrameworksBuildPhase section */

/* Begin PBXGroup section */
		380FC1D12A67B926004F16CB = {
			isa = PBXGroup;
			children = (
				380FC1DC2A67B926004F16CB /* MRTJ */,
				380FC1DB2A67B926004F16CB /* Products */,
				B11DAAB72A6A3FA4005332C8 /* Frameworks */,
			);
			sourceTree = "<group>";
		};
		380FC1DB2A67B926004F16CB /* Products */ = {
			isa = PBXGroup;
			children = (
				380FC1DA2A67B926004F16CB /* MRTJ.app */,
			);
			name = Products;
			sourceTree = "<group>";
		};
		380FC1DC2A67B926004F16CB /* MRTJ */ = {
			isa = PBXGroup;
			children = (
				F683BCAE2A6A2E6700CC71A0 /* Application */,
				380FC1FF2A68DE64004F16CB /* MRTJ.entitlements */,
				380FC1F12A67B963004F16CB /* Info.plist */,
				38537C4A2A6C1FDC00F498BB /* GoogleService-Info.plist */,
				F683BCA42A6A2C7400CC71A0 /* Feature */,
				F683BC9C2A6A2C6800CC71A0 /* Core */,
				380FC1E82A67B927004F16CB /* MRTJ.xcdatamodeld */,
				380FC1E32A67B927004F16CB /* Preview Content */,
			);
			path = MRTJ;
			sourceTree = "<group>";
		};
		380FC1E32A67B927004F16CB /* Preview Content */ = {
			isa = PBXGroup;
			children = (
				380FC1E42A67B927004F16CB /* Preview Assets.xcassets */,
			);
			path = "Preview Content";
			sourceTree = "<group>";
		};
		38537C4C2A6C241800F498BB /* Component */ = {
			isa = PBXGroup;
			children = (
				38537C4D2A6C241800F498BB /* iconDescView.swift */,
				38537C4E2A6C241800F498BB /* ButtonView.swift */,
			);
			path = Component;
			sourceTree = "<group>";
		};
		B11DAAB72A6A3FA4005332C8 /* Frameworks */ = {
			isa = PBXGroup;
			children = (
			);
			name = Frameworks;
			sourceTree = "<group>";
		};
		F683BC9C2A6A2C6800CC71A0 /* Core */ = {
			isa = PBXGroup;
			children = (
				38537C4C2A6C241800F498BB /* Component */,
				F683BC9D2A6A2C6800CC71A0 /* Resources */,
			);
			path = Core;
			sourceTree = "<group>";
		};
		F683BC9D2A6A2C6800CC71A0 /* Resources */ = {
			isa = PBXGroup;
			children = (
				F683BC9E2A6A2C6800CC71A0 /* Assets.xcassets */,
				F683BC9F2A6A2C6800CC71A0 /* pulse-animation.json */,
				F683BCA02A6A2C6800CC71A0 /* AssetName.swift */,
			);
			path = Resources;
			sourceTree = "<group>";
		};
		F683BCA42A6A2C7400CC71A0 /* Feature */ = {
			isa = PBXGroup;
			children = (
				F683BCA52A6A2C7400CC71A0 /* ViewModels */,
				F683BCA72A6A2C7400CC71A0 /* Models */,
				F683BCA92A6A2C7400CC71A0 /* Views */,
			);
			path = Feature;
			sourceTree = "<group>";
		};
		F683BCA52A6A2C7400CC71A0 /* ViewModels */ = {
			isa = PBXGroup;
			children = (
				F683BCA62A6A2C7400CC71A0 /* StationInformationViewModel.swift */,
			);
			path = ViewModels;
			sourceTree = "<group>";
		};
		F683BCA72A6A2C7400CC71A0 /* Models */ = {
			isa = PBXGroup;
			children = (
				F683BCA82A6A2C7400CC71A0 /* lottieAnimation.swift */,
				B11DAAB32A6A3562005332C8 /* Event.swift */,
				B11DAAB52A6A356D005332C8 /* Station.swift */,
			);
			path = Models;
			sourceTree = "<group>";
		};
		F683BCA92A6A2C7400CC71A0 /* Views */ = {
			isa = PBXGroup;
			children = (
				F683BCAA2A6A2C7400CC71A0 /* StationInformationView.swift */,
				38537C522A6C244500F498BB /* PromoEventView.swift */,
				38537C512A6C244500F498BB /* stationDetailSheet.swift */,
				38B5401E2A6C2B8E0019AACF /* problemDetailSheet.swift */,
				B11DAAE42A6C057F005332C8 /* ScheduleListView.swift */,
			);
			path = Views;
			sourceTree = "<group>";
		};
		F683BCAE2A6A2E6700CC71A0 /* Application */ = {
			isa = PBXGroup;
			children = (
				380FC1DD2A67B926004F16CB /* MRTJApp.swift */,
				380FC1DF2A67B926004F16CB /* ContentView.swift */,
				380FC1E62A67B927004F16CB /* Persistence.swift */,
			);
			path = Application;
			sourceTree = "<group>";
		};
/* End PBXGroup section */

/* Begin PBXNativeTarget section */
		380FC1D92A67B926004F16CB /* MRTJ */ = {
			isa = PBXNativeTarget;
			buildConfigurationList = 380FC1ED2A67B927004F16CB /* Build configuration list for PBXNativeTarget "MRTJ" */;
			buildPhases = (
				380FC1D62A67B926004F16CB /* Sources */,
				380FC1D72A67B926004F16CB /* Frameworks */,
				380FC1D82A67B926004F16CB /* Resources */,
			);
			buildRules = (
			);
			dependencies = (
			);
			name = MRTJ;
			packageProductDependencies = (
				380FC1F32A67BB89004F16CB /* FirebaseAnalytics */,
				380FC1F52A67BB89004F16CB /* FirebaseDatabase */,
				380FC1F72A67BB89004F16CB /* FirebaseDatabaseSwift */,
				380FC1F92A67BB89004F16CB /* FirebaseMessaging */,
				380FC1FB2A67BB89004F16CB /* FirebaseStorage */,
				F683BCB02A6A2E9D00CC71A0 /* Lottie */,
				B11DAAB82A6A3FA4005332C8 /* FirebaseFirestore */,
				B11DAABA2A6A3FBF005332C8 /* FirebaseFirestoreCombine-Community */,
				B11DAABC2A6A3FBF005332C8 /* FirebaseFirestoreSwift */,
				B11DAABE2A6A3FCF005332C8 /* FirebaseAnalyticsOnDeviceConversion */,
				B11DAAC02A6A3FCF005332C8 /* FirebaseAnalyticsSwift */,
				B11DAAC22A6A3FCF005332C8 /* FirebaseAnalyticsWithoutAdIdSupport */,
				B11DAAC42A6A3FCF005332C8 /* FirebaseAppCheck */,
				B11DAAC62A6A3FCF005332C8 /* FirebaseAppDistribution-Beta */,
				B11DAAC82A6A3FCF005332C8 /* FirebaseAuth */,
				B11DAACA2A6A3FCF005332C8 /* FirebaseAuthCombine-Community */,
				B11DAACC2A6A3FCF005332C8 /* FirebaseCrashlytics */,
				B11DAACE2A6A3FCF005332C8 /* FirebaseDynamicLinks */,
				B11DAAD02A6A3FCF005332C8 /* FirebaseFunctions */,
				B11DAAD22A6A3FCF005332C8 /* FirebaseFunctionsCombine-Community */,
				B11DAAD42A6A3FCF005332C8 /* FirebaseInAppMessaging-Beta */,
				B11DAAD62A6A3FCF005332C8 /* FirebaseInAppMessagingSwift-Beta */,
				B11DAAD82A6A3FCF005332C8 /* FirebaseInstallations */,
				B11DAADA2A6A3FCF005332C8 /* FirebaseMLModelDownloader */,
				B11DAADC2A6A3FCF005332C8 /* FirebasePerformance */,
				B11DAADE2A6A3FCF005332C8 /* FirebaseRemoteConfig */,
				B11DAAE02A6A3FCF005332C8 /* FirebaseRemoteConfigSwift */,
				B11DAAE22A6A3FD0005332C8 /* FirebaseStorageCombine-Community */,
			);
			productName = MRTJ;
			productReference = 380FC1DA2A67B926004F16CB /* MRTJ.app */;
			productType = "com.apple.product-type.application";
		};
/* End PBXNativeTarget section */

/* Begin PBXProject section */
		380FC1D22A67B926004F16CB /* Project object */ = {
			isa = PBXProject;
			attributes = {
				BuildIndependentTargetsInParallel = 1;
				LastSwiftUpdateCheck = 1430;
				LastUpgradeCheck = 1430;
				TargetAttributes = {
					380FC1D92A67B926004F16CB = {
						CreatedOnToolsVersion = 14.3.1;
					};
				};
			};
			buildConfigurationList = 380FC1D52A67B926004F16CB /* Build configuration list for PBXProject "MRTJ" */;
			compatibilityVersion = "Xcode 14.0";
			developmentRegion = en;
			hasScannedForEncodings = 0;
			knownRegions = (
				en,
				Base,
			);
			mainGroup = 380FC1D12A67B926004F16CB;
			packageReferences = (
				380FC1F22A67BB89004F16CB /* XCRemoteSwiftPackageReference "firebase-ios-sdk" */,
				F683BCAF2A6A2E9D00CC71A0 /* XCRemoteSwiftPackageReference "lottie-ios" */,
			);
			productRefGroup = 380FC1DB2A67B926004F16CB /* Products */;
			projectDirPath = "";
			projectRoot = "";
			targets = (
				380FC1D92A67B926004F16CB /* MRTJ */,
			);
		};
/* End PBXProject section */

/* Begin PBXResourcesBuildPhase section */
		380FC1D82A67B926004F16CB /* Resources */ = {
			isa = PBXResourcesBuildPhase;
			buildActionMask = 2147483647;
			files = (
				380FC1E52A67B927004F16CB /* Preview Assets.xcassets in Resources */,
				38537C4B2A6C1FDD00F498BB /* GoogleService-Info.plist in Resources */,
				F683BCA12A6A2C6800CC71A0 /* Assets.xcassets in Resources */,
				F683BCA22A6A2C6800CC71A0 /* pulse-animation.json in Resources */,
			);
			runOnlyForDeploymentPostprocessing = 0;
		};
/* End PBXResourcesBuildPhase section */

/* Begin PBXSourcesBuildPhase section */
		380FC1D62A67B926004F16CB /* Sources */ = {
			isa = PBXSourcesBuildPhase;
			buildActionMask = 2147483647;
			files = (
				38B5401F2A6C2B8E0019AACF /* problemDetailSheet.swift in Sources */,
				38537C4F2A6C241800F498BB /* iconDescView.swift in Sources */,
				F683BCAB2A6A2C7400CC71A0 /* StationInformationViewModel.swift in Sources */,
				B11DAAB42A6A3562005332C8 /* Event.swift in Sources */,
				380FC1E72A67B927004F16CB /* Persistence.swift in Sources */,
				F683BCAD2A6A2C7400CC71A0 /* StationInformationView.swift in Sources */,
				380FC1E02A67B926004F16CB /* ContentView.swift in Sources */,
				38537C542A6C244500F498BB /* PromoEventView.swift in Sources */,
				380FC1EA2A67B927004F16CB /* MRTJ.xcdatamodeld in Sources */,
				B11DAAB62A6A356D005332C8 /* Station.swift in Sources */,
				F683BCAC2A6A2C7400CC71A0 /* lottieAnimation.swift in Sources */,
				38537C502A6C241800F498BB /* ButtonView.swift in Sources */,
				B11DAAE52A6C057F005332C8 /* ScheduleListView.swift in Sources */,
				380FC1DE2A67B926004F16CB /* MRTJApp.swift in Sources */,
				F683BCA32A6A2C6800CC71A0 /* AssetName.swift in Sources */,
				38537C532A6C244500F498BB /* stationDetailSheet.swift in Sources */,
			);
			runOnlyForDeploymentPostprocessing = 0;
		};
/* End PBXSourcesBuildPhase section */

/* Begin XCBuildConfiguration section */
		380FC1EB2A67B927004F16CB /* Debug */ = {
			isa = XCBuildConfiguration;
			buildSettings = {
				ALWAYS_SEARCH_USER_PATHS = NO;
				CLANG_ANALYZER_NONNULL = YES;
				CLANG_ANALYZER_NUMBER_OBJECT_CONVERSION = YES_AGGRESSIVE;
				CLANG_CXX_LANGUAGE_STANDARD = "gnu++20";
				CLANG_ENABLE_MODULES = YES;
				CLANG_ENABLE_OBJC_ARC = YES;
				CLANG_ENABLE_OBJC_WEAK = YES;
				CLANG_WARN_BLOCK_CAPTURE_AUTORELEASING = YES;
				CLANG_WARN_BOOL_CONVERSION = YES;
				CLANG_WARN_COMMA = YES;
				CLANG_WARN_CONSTANT_CONVERSION = YES;
				CLANG_WARN_DEPRECATED_OBJC_IMPLEMENTATIONS = YES;
				CLANG_WARN_DIRECT_OBJC_ISA_USAGE = YES_ERROR;
				CLANG_WARN_DOCUMENTATION_COMMENTS = YES;
				CLANG_WARN_EMPTY_BODY = YES;
				CLANG_WARN_ENUM_CONVERSION = YES;
				CLANG_WARN_INFINITE_RECURSION = YES;
				CLANG_WARN_INT_CONVERSION = YES;
				CLANG_WARN_NON_LITERAL_NULL_CONVERSION = YES;
				CLANG_WARN_OBJC_IMPLICIT_RETAIN_SELF = YES;
				CLANG_WARN_OBJC_LITERAL_CONVERSION = YES;
				CLANG_WARN_OBJC_ROOT_CLASS = YES_ERROR;
				CLANG_WARN_QUOTED_INCLUDE_IN_FRAMEWORK_HEADER = YES;
				CLANG_WARN_RANGE_LOOP_ANALYSIS = YES;
				CLANG_WARN_STRICT_PROTOTYPES = YES;
				CLANG_WARN_SUSPICIOUS_MOVE = YES;
				CLANG_WARN_UNGUARDED_AVAILABILITY = YES_AGGRESSIVE;
				CLANG_WARN_UNREACHABLE_CODE = YES;
				CLANG_WARN__DUPLICATE_METHOD_MATCH = YES;
				COPY_PHASE_STRIP = NO;
				DEBUG_INFORMATION_FORMAT = dwarf;
				ENABLE_STRICT_OBJC_MSGSEND = YES;
				ENABLE_TESTABILITY = YES;
				GCC_C_LANGUAGE_STANDARD = gnu11;
				GCC_DYNAMIC_NO_PIC = NO;
				GCC_NO_COMMON_BLOCKS = YES;
				GCC_OPTIMIZATION_LEVEL = 0;
				GCC_PREPROCESSOR_DEFINITIONS = (
					"DEBUG=1",
					"$(inherited)",
				);
				GCC_WARN_64_TO_32_BIT_CONVERSION = YES;
				GCC_WARN_ABOUT_RETURN_TYPE = YES_ERROR;
				GCC_WARN_UNDECLARED_SELECTOR = YES;
				GCC_WARN_UNINITIALIZED_AUTOS = YES_AGGRESSIVE;
				GCC_WARN_UNUSED_FUNCTION = YES;
				GCC_WARN_UNUSED_VARIABLE = YES;
				IPHONEOS_DEPLOYMENT_TARGET = 16.4;
				MTL_ENABLE_DEBUG_INFO = INCLUDE_SOURCE;
				MTL_FAST_MATH = YES;
				ONLY_ACTIVE_ARCH = YES;
				SDKROOT = iphoneos;
				SWIFT_ACTIVE_COMPILATION_CONDITIONS = DEBUG;
				SWIFT_OPTIMIZATION_LEVEL = "-Onone";
			};
			name = Debug;
		};
		380FC1EC2A67B927004F16CB /* Release */ = {
			isa = XCBuildConfiguration;
			buildSettings = {
				ALWAYS_SEARCH_USER_PATHS = NO;
				CLANG_ANALYZER_NONNULL = YES;
				CLANG_ANALYZER_NUMBER_OBJECT_CONVERSION = YES_AGGRESSIVE;
				CLANG_CXX_LANGUAGE_STANDARD = "gnu++20";
				CLANG_ENABLE_MODULES = YES;
				CLANG_ENABLE_OBJC_ARC = YES;
				CLANG_ENABLE_OBJC_WEAK = YES;
				CLANG_WARN_BLOCK_CAPTURE_AUTORELEASING = YES;
				CLANG_WARN_BOOL_CONVERSION = YES;
				CLANG_WARN_COMMA = YES;
				CLANG_WARN_CONSTANT_CONVERSION = YES;
				CLANG_WARN_DEPRECATED_OBJC_IMPLEMENTATIONS = YES;
				CLANG_WARN_DIRECT_OBJC_ISA_USAGE = YES_ERROR;
				CLANG_WARN_DOCUMENTATION_COMMENTS = YES;
				CLANG_WARN_EMPTY_BODY = YES;
				CLANG_WARN_ENUM_CONVERSION = YES;
				CLANG_WARN_INFINITE_RECURSION = YES;
				CLANG_WARN_INT_CONVERSION = YES;
				CLANG_WARN_NON_LITERAL_NULL_CONVERSION = YES;
				CLANG_WARN_OBJC_IMPLICIT_RETAIN_SELF = YES;
				CLANG_WARN_OBJC_LITERAL_CONVERSION = YES;
				CLANG_WARN_OBJC_ROOT_CLASS = YES_ERROR;
				CLANG_WARN_QUOTED_INCLUDE_IN_FRAMEWORK_HEADER = YES;
				CLANG_WARN_RANGE_LOOP_ANALYSIS = YES;
				CLANG_WARN_STRICT_PROTOTYPES = YES;
				CLANG_WARN_SUSPICIOUS_MOVE = YES;
				CLANG_WARN_UNGUARDED_AVAILABILITY = YES_AGGRESSIVE;
				CLANG_WARN_UNREACHABLE_CODE = YES;
				CLANG_WARN__DUPLICATE_METHOD_MATCH = YES;
				COPY_PHASE_STRIP = NO;
				DEBUG_INFORMATION_FORMAT = "dwarf-with-dsym";
				ENABLE_NS_ASSERTIONS = NO;
				ENABLE_STRICT_OBJC_MSGSEND = YES;
				GCC_C_LANGUAGE_STANDARD = gnu11;
				GCC_NO_COMMON_BLOCKS = YES;
				GCC_WARN_64_TO_32_BIT_CONVERSION = YES;
				GCC_WARN_ABOUT_RETURN_TYPE = YES_ERROR;
				GCC_WARN_UNDECLARED_SELECTOR = YES;
				GCC_WARN_UNINITIALIZED_AUTOS = YES_AGGRESSIVE;
				GCC_WARN_UNUSED_FUNCTION = YES;
				GCC_WARN_UNUSED_VARIABLE = YES;
				IPHONEOS_DEPLOYMENT_TARGET = 16.4;
				MTL_ENABLE_DEBUG_INFO = NO;
				MTL_FAST_MATH = YES;
				SDKROOT = iphoneos;
				SWIFT_COMPILATION_MODE = wholemodule;
				SWIFT_OPTIMIZATION_LEVEL = "-O";
				VALIDATE_PRODUCT = YES;
			};
			name = Release;
		};
		380FC1EE2A67B927004F16CB /* Debug */ = {
			isa = XCBuildConfiguration;
			buildSettings = {
				ASSETCATALOG_COMPILER_APPICON_NAME = AppIcon;
				ASSETCATALOG_COMPILER_GLOBAL_ACCENT_COLOR_NAME = AccentColor;
				CODE_SIGN_ENTITLEMENTS = MRTJ/MRTJ.entitlements;
				"CODE_SIGN_IDENTITY[sdk=iphoneos*]" = "iPhone Developer";
				CODE_SIGN_STYLE = Manual;
				CURRENT_PROJECT_VERSION = 1;
				DEVELOPMENT_ASSET_PATHS = "\"MRTJ/Preview Content\"";
				DEVELOPMENT_TEAM = "";
				"DEVELOPMENT_TEAM[sdk=iphoneos*]" = GT493Z58L2;
				ENABLE_PREVIEWS = YES;
				GENERATE_INFOPLIST_FILE = YES;
				INFOPLIST_FILE = MRTJ/Info.plist;
				INFOPLIST_KEY_UIApplicationSceneManifest_Generation = YES;
				INFOPLIST_KEY_UIApplicationSupportsIndirectInputEvents = YES;
				INFOPLIST_KEY_UILaunchScreen_Generation = YES;
				INFOPLIST_KEY_UISupportedInterfaceOrientations = UIInterfaceOrientationPortrait;
				INFOPLIST_KEY_UISupportedInterfaceOrientations_iPad = "UIInterfaceOrientationLandscapeLeft UIInterfaceOrientationLandscapeRight UIInterfaceOrientationPortrait UIInterfaceOrientationPortraitUpsideDown";
				LD_RUNPATH_SEARCH_PATHS = (
					"$(inherited)",
					"@executable_path/Frameworks",
				);
				MARKETING_VERSION = 1.0;
				PRODUCT_BUNDLE_IDENTIFIER = Jonathan.MRTut;
				PRODUCT_NAME = "$(TARGET_NAME)";
				PROVISIONING_PROFILE_SPECIFIER = "";
				"PROVISIONING_PROFILE_SPECIFIER[sdk=iphoneos*]" = MRTJFinalProfile;
				SUPPORTED_PLATFORMS = "iphoneos iphonesimulator";
				SUPPORTS_MACCATALYST = NO;
				SUPPORTS_MAC_DESIGNED_FOR_IPHONE_IPAD = NO;
				SWIFT_EMIT_LOC_STRINGS = YES;
				SWIFT_VERSION = 5.0;
				TARGETED_DEVICE_FAMILY = 1;
			};
			name = Debug;
		};
		380FC1EF2A67B927004F16CB /* Release */ = {
			isa = XCBuildConfiguration;
			buildSettings = {
				ASSETCATALOG_COMPILER_APPICON_NAME = AppIcon;
				ASSETCATALOG_COMPILER_GLOBAL_ACCENT_COLOR_NAME = AccentColor;
				CODE_SIGN_ENTITLEMENTS = MRTJ/MRTJRelease.entitlements;
				CODE_SIGN_IDENTITY = "Apple Development";
				"CODE_SIGN_IDENTITY[sdk=iphoneos*]" = "iPhone Developer";
				CODE_SIGN_STYLE = Manual;
				CURRENT_PROJECT_VERSION = 1;
				DEVELOPMENT_ASSET_PATHS = "\"MRTJ/Preview Content\"";
				DEVELOPMENT_TEAM = "";
				"DEVELOPMENT_TEAM[sdk=iphoneos*]" = GT493Z58L2;
				ENABLE_PREVIEWS = YES;
				GENERATE_INFOPLIST_FILE = YES;
				INFOPLIST_FILE = MRTJ/Info.plist;
				INFOPLIST_KEY_UIApplicationSceneManifest_Generation = YES;
				INFOPLIST_KEY_UIApplicationSupportsIndirectInputEvents = YES;
				INFOPLIST_KEY_UILaunchScreen_Generation = YES;
				INFOPLIST_KEY_UISupportedInterfaceOrientations = UIInterfaceOrientationPortrait;
				INFOPLIST_KEY_UISupportedInterfaceOrientations_iPad = "UIInterfaceOrientationLandscapeLeft UIInterfaceOrientationLandscapeRight UIInterfaceOrientationPortrait UIInterfaceOrientationPortraitUpsideDown";
				LD_RUNPATH_SEARCH_PATHS = (
					"$(inherited)",
					"@executable_path/Frameworks",
				);
				MARKETING_VERSION = 1.0;
				PRODUCT_BUNDLE_IDENTIFIER = Jonathan.MRTut;
				PRODUCT_NAME = "$(TARGET_NAME)";
				PROVISIONING_PROFILE_SPECIFIER = "";
				"PROVISIONING_PROFILE_SPECIFIER[sdk=iphoneos*]" = MRTJFinalProfile;
				SUPPORTED_PLATFORMS = "iphoneos iphonesimulator";
				SUPPORTS_MACCATALYST = NO;
				SUPPORTS_MAC_DESIGNED_FOR_IPHONE_IPAD = NO;
				SWIFT_EMIT_LOC_STRINGS = YES;
				SWIFT_VERSION = 5.0;
				TARGETED_DEVICE_FAMILY = 1;
			};
			name = Release;
		};
/* End XCBuildConfiguration section */

/* Begin XCConfigurationList section */
		380FC1D52A67B926004F16CB /* Build configuration list for PBXProject "MRTJ" */ = {
			isa = XCConfigurationList;
			buildConfigurations = (
				380FC1EB2A67B927004F16CB /* Debug */,
				380FC1EC2A67B927004F16CB /* Release */,
			);
			defaultConfigurationIsVisible = 0;
			defaultConfigurationName = Release;
		};
		380FC1ED2A67B927004F16CB /* Build configuration list for PBXNativeTarget "MRTJ" */ = {
			isa = XCConfigurationList;
			buildConfigurations = (
				380FC1EE2A67B927004F16CB /* Debug */,
				380FC1EF2A67B927004F16CB /* Release */,
			);
			defaultConfigurationIsVisible = 0;
			defaultConfigurationName = Release;
		};
/* End XCConfigurationList section */

/* Begin XCRemoteSwiftPackageReference section */
		380FC1F22A67BB89004F16CB /* XCRemoteSwiftPackageReference "firebase-ios-sdk" */ = {
			isa = XCRemoteSwiftPackageReference;
			repositoryURL = "https://github.com/firebase/firebase-ios-sdk.git";
			requirement = {
				kind = upToNextMajorVersion;
				minimumVersion = 10.0.0;
			};
		};
		F683BCAF2A6A2E9D00CC71A0 /* XCRemoteSwiftPackageReference "lottie-ios" */ = {
			isa = XCRemoteSwiftPackageReference;
			repositoryURL = "https://github.com/airbnb/lottie-ios.git";
			requirement = {
				kind = upToNextMajorVersion;
				minimumVersion = 4.0.0;
			};
		};
/* End XCRemoteSwiftPackageReference section */

/* Begin XCSwiftPackageProductDependency section */
		380FC1F32A67BB89004F16CB /* FirebaseAnalytics */ = {
			isa = XCSwiftPackageProductDependency;
			package = 380FC1F22A67BB89004F16CB /* XCRemoteSwiftPackageReference "firebase-ios-sdk" */;
			productName = FirebaseAnalytics;
		};
		380FC1F52A67BB89004F16CB /* FirebaseDatabase */ = {
			isa = XCSwiftPackageProductDependency;
			package = 380FC1F22A67BB89004F16CB /* XCRemoteSwiftPackageReference "firebase-ios-sdk" */;
			productName = FirebaseDatabase;
		};
		380FC1F72A67BB89004F16CB /* FirebaseDatabaseSwift */ = {
			isa = XCSwiftPackageProductDependency;
			package = 380FC1F22A67BB89004F16CB /* XCRemoteSwiftPackageReference "firebase-ios-sdk" */;
			productName = FirebaseDatabaseSwift;
		};
		380FC1F92A67BB89004F16CB /* FirebaseMessaging */ = {
			isa = XCSwiftPackageProductDependency;
			package = 380FC1F22A67BB89004F16CB /* XCRemoteSwiftPackageReference "firebase-ios-sdk" */;
			productName = FirebaseMessaging;
		};
		380FC1FB2A67BB89004F16CB /* FirebaseStorage */ = {
			isa = XCSwiftPackageProductDependency;
			package = 380FC1F22A67BB89004F16CB /* XCRemoteSwiftPackageReference "firebase-ios-sdk" */;
			productName = FirebaseStorage;
		};
		B11DAAB82A6A3FA4005332C8 /* FirebaseFirestore */ = {
			isa = XCSwiftPackageProductDependency;
			package = 380FC1F22A67BB89004F16CB /* XCRemoteSwiftPackageReference "firebase-ios-sdk" */;
			productName = FirebaseFirestore;
		};
		B11DAABA2A6A3FBF005332C8 /* FirebaseFirestoreCombine-Community */ = {
			isa = XCSwiftPackageProductDependency;
			package = 380FC1F22A67BB89004F16CB /* XCRemoteSwiftPackageReference "firebase-ios-sdk" */;
			productName = "FirebaseFirestoreCombine-Community";
		};
		B11DAABC2A6A3FBF005332C8 /* FirebaseFirestoreSwift */ = {
			isa = XCSwiftPackageProductDependency;
			package = 380FC1F22A67BB89004F16CB /* XCRemoteSwiftPackageReference "firebase-ios-sdk" */;
			productName = FirebaseFirestoreSwift;
		};
		B11DAABE2A6A3FCF005332C8 /* FirebaseAnalyticsOnDeviceConversion */ = {
			isa = XCSwiftPackageProductDependency;
			package = 380FC1F22A67BB89004F16CB /* XCRemoteSwiftPackageReference "firebase-ios-sdk" */;
			productName = FirebaseAnalyticsOnDeviceConversion;
		};
		B11DAAC02A6A3FCF005332C8 /* FirebaseAnalyticsSwift */ = {
			isa = XCSwiftPackageProductDependency;
			package = 380FC1F22A67BB89004F16CB /* XCRemoteSwiftPackageReference "firebase-ios-sdk" */;
			productName = FirebaseAnalyticsSwift;
		};
		B11DAAC22A6A3FCF005332C8 /* FirebaseAnalyticsWithoutAdIdSupport */ = {
			isa = XCSwiftPackageProductDependency;
			package = 380FC1F22A67BB89004F16CB /* XCRemoteSwiftPackageReference "firebase-ios-sdk" */;
			productName = FirebaseAnalyticsWithoutAdIdSupport;
		};
		B11DAAC42A6A3FCF005332C8 /* FirebaseAppCheck */ = {
			isa = XCSwiftPackageProductDependency;
			package = 380FC1F22A67BB89004F16CB /* XCRemoteSwiftPackageReference "firebase-ios-sdk" */;
			productName = FirebaseAppCheck;
		};
		B11DAAC62A6A3FCF005332C8 /* FirebaseAppDistribution-Beta */ = {
			isa = XCSwiftPackageProductDependency;
			package = 380FC1F22A67BB89004F16CB /* XCRemoteSwiftPackageReference "firebase-ios-sdk" */;
			productName = "FirebaseAppDistribution-Beta";
		};
		B11DAAC82A6A3FCF005332C8 /* FirebaseAuth */ = {
			isa = XCSwiftPackageProductDependency;
			package = 380FC1F22A67BB89004F16CB /* XCRemoteSwiftPackageReference "firebase-ios-sdk" */;
			productName = FirebaseAuth;
		};
		B11DAACA2A6A3FCF005332C8 /* FirebaseAuthCombine-Community */ = {
			isa = XCSwiftPackageProductDependency;
			package = 380FC1F22A67BB89004F16CB /* XCRemoteSwiftPackageReference "firebase-ios-sdk" */;
			productName = "FirebaseAuthCombine-Community";
		};
		B11DAACC2A6A3FCF005332C8 /* FirebaseCrashlytics */ = {
			isa = XCSwiftPackageProductDependency;
			package = 380FC1F22A67BB89004F16CB /* XCRemoteSwiftPackageReference "firebase-ios-sdk" */;
			productName = FirebaseCrashlytics;
		};
		B11DAACE2A6A3FCF005332C8 /* FirebaseDynamicLinks */ = {
			isa = XCSwiftPackageProductDependency;
			package = 380FC1F22A67BB89004F16CB /* XCRemoteSwiftPackageReference "firebase-ios-sdk" */;
			productName = FirebaseDynamicLinks;
		};
		B11DAAD02A6A3FCF005332C8 /* FirebaseFunctions */ = {
			isa = XCSwiftPackageProductDependency;
			package = 380FC1F22A67BB89004F16CB /* XCRemoteSwiftPackageReference "firebase-ios-sdk" */;
			productName = FirebaseFunctions;
		};
		B11DAAD22A6A3FCF005332C8 /* FirebaseFunctionsCombine-Community */ = {
			isa = XCSwiftPackageProductDependency;
			package = 380FC1F22A67BB89004F16CB /* XCRemoteSwiftPackageReference "firebase-ios-sdk" */;
			productName = "FirebaseFunctionsCombine-Community";
		};
		B11DAAD42A6A3FCF005332C8 /* FirebaseInAppMessaging-Beta */ = {
			isa = XCSwiftPackageProductDependency;
			package = 380FC1F22A67BB89004F16CB /* XCRemoteSwiftPackageReference "firebase-ios-sdk" */;
			productName = "FirebaseInAppMessaging-Beta";
		};
		B11DAAD62A6A3FCF005332C8 /* FirebaseInAppMessagingSwift-Beta */ = {
			isa = XCSwiftPackageProductDependency;
			package = 380FC1F22A67BB89004F16CB /* XCRemoteSwiftPackageReference "firebase-ios-sdk" */;
			productName = "FirebaseInAppMessagingSwift-Beta";
		};
		B11DAAD82A6A3FCF005332C8 /* FirebaseInstallations */ = {
			isa = XCSwiftPackageProductDependency;
			package = 380FC1F22A67BB89004F16CB /* XCRemoteSwiftPackageReference "firebase-ios-sdk" */;
			productName = FirebaseInstallations;
		};
		B11DAADA2A6A3FCF005332C8 /* FirebaseMLModelDownloader */ = {
			isa = XCSwiftPackageProductDependency;
			package = 380FC1F22A67BB89004F16CB /* XCRemoteSwiftPackageReference "firebase-ios-sdk" */;
			productName = FirebaseMLModelDownloader;
		};
		B11DAADC2A6A3FCF005332C8 /* FirebasePerformance */ = {
			isa = XCSwiftPackageProductDependency;
			package = 380FC1F22A67BB89004F16CB /* XCRemoteSwiftPackageReference "firebase-ios-sdk" */;
			productName = FirebasePerformance;
		};
		B11DAADE2A6A3FCF005332C8 /* FirebaseRemoteConfig */ = {
			isa = XCSwiftPackageProductDependency;
			package = 380FC1F22A67BB89004F16CB /* XCRemoteSwiftPackageReference "firebase-ios-sdk" */;
			productName = FirebaseRemoteConfig;
		};
		B11DAAE02A6A3FCF005332C8 /* FirebaseRemoteConfigSwift */ = {
			isa = XCSwiftPackageProductDependency;
			package = 380FC1F22A67BB89004F16CB /* XCRemoteSwiftPackageReference "firebase-ios-sdk" */;
			productName = FirebaseRemoteConfigSwift;
		};
		B11DAAE22A6A3FD0005332C8 /* FirebaseStorageCombine-Community */ = {
			isa = XCSwiftPackageProductDependency;
			package = 380FC1F22A67BB89004F16CB /* XCRemoteSwiftPackageReference "firebase-ios-sdk" */;
			productName = "FirebaseStorageCombine-Community";
		};
		F683BCB02A6A2E9D00CC71A0 /* Lottie */ = {
			isa = XCSwiftPackageProductDependency;
			package = F683BCAF2A6A2E9D00CC71A0 /* XCRemoteSwiftPackageReference "lottie-ios" */;
			productName = Lottie;
		};
/* End XCSwiftPackageProductDependency section */

/* Begin XCVersionGroup section */
		380FC1E82A67B927004F16CB /* MRTJ.xcdatamodeld */ = {
			isa = XCVersionGroup;
			children = (
				380FC1E92A67B927004F16CB /* MRTJ.xcdatamodel */,
			);
			currentVersion = 380FC1E92A67B927004F16CB /* MRTJ.xcdatamodel */;
			path = MRTJ.xcdatamodeld;
			sourceTree = "<group>";
			versionGroupType = wrapper.xcdatamodel;
		};
/* End XCVersionGroup section */
	};
	rootObject = 380FC1D22A67B926004F16CB /* Project object */;
}
